
Microsoft Visual Studio Solution File, Format Version 12.00
# Visual Studio 15
VisualStudioVersion = 15.0.26206.0
MinimumVisualStudioVersion = 10.0.40219.1
Project("{FAE04EC0-301F-11D3-BF4B-00C04F79EFBC}") = "SPG.Api", "SPG.Api\SPG.Api.csproj", "{1DFB6586-A353-43C8-8AD5-C1F9FE44E9E2}"
EndProject
Project("{E53339B2-1760-4266-BCC7-CA923CBCF16C}") = "docker-compose", "docker-compose.dcproj", "{7835E2F1-EA49-4CC5-9EA7-B7848C5B917F}"
EndProject
Project("{9A19103F-16F7-4668-BE54-9A1E7A4F7556}") = "SPG.Utility", "SPG.Utility\SPG.Utility.csproj", "{66F612B5-DE92-4ABC-9421-D11BF904E314}"
EndProject
Project("{9A19103F-16F7-4668-BE54-9A1E7A4F7556}") = "SPG.Model", "SPG.Model\SPG.Model.csproj", "{8218CCE9-A69A-4307-8465-FDAE0FB41DF4}"
EndProject
Project("{9A19103F-16F7-4668-BE54-9A1E7A4F7556}") = "SPG.CommandConsumer", "SPG.CommandConsumer\SPG.CommandConsumer.csproj", "{2C30E128-7616-46D8-9D24-D583748827E9}"
EndProject
Project("{9A19103F-16F7-4668-BE54-9A1E7A4F7556}") = "SPG.Commands", "SPG.Commands\SPG.Commands.csproj", "{464577B9-DE3C-44A8-888E-BF2944D53D0D}"
EndProject
Project("{9A19103F-16F7-4668-BE54-9A1E7A4F7556}") = "SPG.Data", "SPG.Data\SPG.Data.csproj", "{B85F705F-A7B7-4627-892B-E35C7A4AD89D}"
EndProject
Project("{9A19103F-16F7-4668-BE54-9A1E7A4F7556}") = "POC.Domain", "SPG.Domain\POC.Domain.csproj", "{8C1E3031-33BA-4608-A35B-D13B079040E3}"
EndProject
Project("{9A19103F-16F7-4668-BE54-9A1E7A4F7556}") = "SPG.EventGenerator", "SPG.EventGenerator\SPG.EventGenerator.csproj", "{837F6DBE-87E0-4454-BCCE-FC18EF452540}"
EndProject
Project("{9A19103F-16F7-4668-BE54-9A1E7A4F7556}") = "SPG.EventSourcing", "SPG.EventSourcing\SPG.EventSourcing.csproj", "{75149820-E809-463B-835E-7EE549E61F91}"
EndProject
Global
	GlobalSection(SolutionConfigurationPlatforms) = preSolution
		Debug|Any CPU = Debug|Any CPU
		Debug|x64 = Debug|x64
		Debug|x86 = Debug|x86
		Release|Any CPU = Release|Any CPU
		Release|x64 = Release|x64
		Release|x86 = Release|x86
	EndGlobalSection
	GlobalSection(ProjectConfigurationPlatforms) = postSolution
		{1DFB6586-A353-43C8-8AD5-C1F9FE44E9E2}.Debug|Any CPU.ActiveCfg = Debug|Any CPU
		{1DFB6586-A353-43C8-8AD5-C1F9FE44E9E2}.Debug|Any CPU.Build.0 = Debug|Any CPU
		{1DFB6586-A353-43C8-8AD5-C1F9FE44E9E2}.Debug|x64.ActiveCfg = Debug|x64
		{1DFB6586-A353-43C8-8AD5-C1F9FE44E9E2}.Debug|x64.Build.0 = Debug|x64
		{1DFB6586-A353-43C8-8AD5-C1F9FE44E9E2}.Debug|x86.ActiveCfg = Debug|x86
		{1DFB6586-A353-43C8-8AD5-C1F9FE44E9E2}.Debug|x86.Build.0 = Debug|x86
		{1DFB6586-A353-43C8-8AD5-C1F9FE44E9E2}.Release|Any CPU.ActiveCfg = Release|Any CPU
		{1DFB6586-A353-43C8-8AD5-C1F9FE44E9E2}.Release|Any CPU.Build.0 = Release|Any CPU
		{1DFB6586-A353-43C8-8AD5-C1F9FE44E9E2}.Release|x64.ActiveCfg = Release|x64
		{1DFB6586-A353-43C8-8AD5-C1F9FE44E9E2}.Release|x64.Build.0 = Release|x64
		{1DFB6586-A353-43C8-8AD5-C1F9FE44E9E2}.Release|x86.ActiveCfg = Release|x86
		{1DFB6586-A353-43C8-8AD5-C1F9FE44E9E2}.Release|x86.Build.0 = Release|x86
		{7835E2F1-EA49-4CC5-9EA7-B7848C5B917F}.Debug|Any CPU.ActiveCfg = Debug|Any CPU
		{7835E2F1-EA49-4CC5-9EA7-B7848C5B917F}.Debug|Any CPU.Build.0 = Debug|Any CPU
		{7835E2F1-EA49-4CC5-9EA7-B7848C5B917F}.Debug|x64.ActiveCfg = Debug|Any CPU
		{7835E2F1-EA49-4CC5-9EA7-B7848C5B917F}.Debug|x64.Build.0 = Debug|Any CPU
		{7835E2F1-EA49-4CC5-9EA7-B7848C5B917F}.Debug|x86.ActiveCfg = Debug|Any CPU
		{7835E2F1-EA49-4CC5-9EA7-B7848C5B917F}.Debug|x86.Build.0 = Debug|Any CPU
		{7835E2F1-EA49-4CC5-9EA7-B7848C5B917F}.Release|Any CPU.ActiveCfg = Release|Any CPU
		{7835E2F1-EA49-4CC5-9EA7-B7848C5B917F}.Release|Any CPU.Build.0 = Release|Any CPU
		{7835E2F1-EA49-4CC5-9EA7-B7848C5B917F}.Release|x64.ActiveCfg = Release|Any CPU
		{7835E2F1-EA49-4CC5-9EA7-B7848C5B917F}.Release|x64.Build.0 = Release|Any CPU
		{7835E2F1-EA49-4CC5-9EA7-B7848C5B917F}.Release|x86.ActiveCfg = Release|Any CPU
		{7835E2F1-EA49-4CC5-9EA7-B7848C5B917F}.Release|x86.Build.0 = Release|Any CPU
		{66F612B5-DE92-4ABC-9421-D11BF904E314}.Debug|Any CPU.ActiveCfg = Debug|Any CPU
		{66F612B5-DE92-4ABC-9421-D11BF904E314}.Debug|Any CPU.Build.0 = Debug|Any CPU
		{66F612B5-DE92-4ABC-9421-D11BF904E314}.Debug|x64.ActiveCfg = Debug|x64
		{66F612B5-DE92-4ABC-9421-D11BF904E314}.Debug|x64.Build.0 = Debug|x64
		{66F612B5-DE92-4ABC-9421-D11BF904E314}.Debug|x86.ActiveCfg = Debug|x86
		{66F612B5-DE92-4ABC-9421-D11BF904E314}.Debug|x86.Build.0 = Debug|x86
		{66F612B5-DE92-4ABC-9421-D11BF904E314}.Release|Any CPU.ActiveCfg = Release|Any CPU
		{66F612B5-DE92-4ABC-9421-D11BF904E314}.Release|Any CPU.Build.0 = Release|Any CPU
		{66F612B5-DE92-4ABC-9421-D11BF904E314}.Release|x64.ActiveCfg = Release|x64
		{66F612B5-DE92-4ABC-9421-D11BF904E314}.Release|x64.Build.0 = Release|x64
		{66F612B5-DE92-4ABC-9421-D11BF904E314}.Release|x86.ActiveCfg = Release|x86
		{66F612B5-DE92-4ABC-9421-D11BF904E314}.Release|x86.Build.0 = Release|x86
		{8218CCE9-A69A-4307-8465-FDAE0FB41DF4}.Debug|Any CPU.ActiveCfg = Debug|Any CPU
		{8218CCE9-A69A-4307-8465-FDAE0FB41DF4}.Debug|Any CPU.Build.0 = Debug|Any CPU
		{8218CCE9-A69A-4307-8465-FDAE0FB41DF4}.Debug|x64.ActiveCfg = Debug|x64
		{8218CCE9-A69A-4307-8465-FDAE0FB41DF4}.Debug|x64.Build.0 = Debug|x64
		{8218CCE9-A69A-4307-8465-FDAE0FB41DF4}.Debug|x86.ActiveCfg = Debug|x86
		{8218CCE9-A69A-4307-8465-FDAE0FB41DF4}.Debug|x86.Build.0 = Debug|x86
		{8218CCE9-A69A-4307-8465-FDAE0FB41DF4}.Release|Any CPU.ActiveCfg = Release|Any CPU
		{8218CCE9-A69A-4307-8465-FDAE0FB41DF4}.Release|Any CPU.Build.0 = Release|Any CPU
		{8218CCE9-A69A-4307-8465-FDAE0FB41DF4}.Release|x64.ActiveCfg = Release|x64
		{8218CCE9-A69A-4307-8465-FDAE0FB41DF4}.Release|x64.Build.0 = Release|x64
		{8218CCE9-A69A-4307-8465-FDAE0FB41DF4}.Release|x86.ActiveCfg = Release|x86
		{8218CCE9-A69A-4307-8465-FDAE0FB41DF4}.Release|x86.Build.0 = Release|x86
		{2C30E128-7616-46D8-9D24-D583748827E9}.Debug|Any CPU.ActiveCfg = Debug|Any CPU
		{2C30E128-7616-46D8-9D24-D583748827E9}.Debug|Any CPU.Build.0 = Debug|Any CPU
		{2C30E128-7616-46D8-9D24-D583748827E9}.Debug|x64.ActiveCfg = Debug|x64
		{2C30E128-7616-46D8-9D24-D583748827E9}.Debug|x64.Build.0 = Debug|x64
		{2C30E128-7616-46D8-9D24-D583748827E9}.Debug|x86.ActiveCfg = Debug|x86
		{2C30E128-7616-46D8-9D24-D583748827E9}.Debug|x86.Build.0 = Debug|x86
		{2C30E128-7616-46D8-9D24-D583748827E9}.Release|Any CPU.ActiveCfg = Release|Any CPU
		{2C30E128-7616-46D8-9D24-D583748827E9}.Release|Any CPU.Build.0 = Release|Any CPU
		{2C30E128-7616-46D8-9D24-D583748827E9}.Release|x64.ActiveCfg = Release|x64
		{2C30E128-7616-46D8-9D24-D583748827E9}.Release|x64.Build.0 = Release|x64
		{2C30E128-7616-46D8-9D24-D583748827E9}.Release|x86.ActiveCfg = Release|x86
		{2C30E128-7616-46D8-9D24-D583748827E9}.Release|x86.Build.0 = Release|x86
		{464577B9-DE3C-44A8-888E-BF2944D53D0D}.Debug|Any CPU.ActiveCfg = Debug|Any CPU
		{464577B9-DE3C-44A8-888E-BF2944D53D0D}.Debug|Any CPU.Build.0 = Debug|Any CPU
		{464577B9-DE3C-44A8-888E-BF2944D53D0D}.Debug|x64.ActiveCfg = Debug|x64
		{464577B9-DE3C-44A8-888E-BF2944D53D0D}.Debug|x64.Build.0 = Debug|x64
		{464577B9-DE3C-44A8-888E-BF2944D53D0D}.Debug|x86.ActiveCfg = Debug|x86
		{464577B9-DE3C-44A8-888E-BF2944D53D0D}.Debug|x86.Build.0 = Debug|x86
		{464577B9-DE3C-44A8-888E-BF2944D53D0D}.Release|Any CPU.ActiveCfg = Release|Any CPU
		{464577B9-DE3C-44A8-888E-BF2944D53D0D}.Release|Any CPU.Build.0 = Release|Any CPU
		{464577B9-DE3C-44A8-888E-BF2944D53D0D}.Release|x64.ActiveCfg = Release|x64
		{464577B9-DE3C-44A8-888E-BF2944D53D0D}.Release|x64.Build.0 = Release|x64
		{464577B9-DE3C-44A8-888E-BF2944D53D0D}.Release|x86.ActiveCfg = Release|x86
		{464577B9-DE3C-44A8-888E-BF2944D53D0D}.Release|x86.Build.0 = Release|x86
		{B85F705F-A7B7-4627-892B-E35C7A4AD89D}.Debug|Any CPU.ActiveCfg = Debug|Any CPU
		{B85F705F-A7B7-4627-892B-E35C7A4AD89D}.Debug|Any CPU.Build.0 = Debug|Any CPU
		{B85F705F-A7B7-4627-892B-E35C7A4AD89D}.Debug|x64.ActiveCfg = Debug|x64
		{B85F705F-A7B7-4627-892B-E35C7A4AD89D}.Debug|x64.Build.0 = Debug|x64
		{B85F705F-A7B7-4627-892B-E35C7A4AD89D}.Debug|x86.ActiveCfg = Debug|x86
		{B85F705F-A7B7-4627-892B-E35C7A4AD89D}.Debug|x86.Build.0 = Debug|x86
		{B85F705F-A7B7-4627-892B-E35C7A4AD89D}.Release|Any CPU.ActiveCfg = Release|Any CPU
		{B85F705F-A7B7-4627-892B-E35C7A4AD89D}.Release|Any CPU.Build.0 = Release|Any CPU
		{B85F705F-A7B7-4627-892B-E35C7A4AD89D}.Release|x64.ActiveCfg = Release|x64
		{B85F705F-A7B7-4627-892B-E35C7A4AD89D}.Release|x64.Build.0 = Release|x64
		{B85F705F-A7B7-4627-892B-E35C7A4AD89D}.Release|x86.ActiveCfg = Release|x86
		{B85F705F-A7B7-4627-892B-E35C7A4AD89D}.Release|x86.Build.0 = Release|x86
		{8C1E3031-33BA-4608-A35B-D13B079040E3}.Debug|Any CPU.ActiveCfg = Debug|Any CPU
		{8C1E3031-33BA-4608-A35B-D13B079040E3}.Debug|Any CPU.Build.0 = Debug|Any CPU
		{8C1E3031-33BA-4608-A35B-D13B079040E3}.Debug|x64.ActiveCfg = Debug|x64
		{8C1E3031-33BA-4608-A35B-D13B079040E3}.Debug|x64.Build.0 = Debug|x64
		{8C1E3031-33BA-4608-A35B-D13B079040E3}.Debug|x86.ActiveCfg = Debug|x86
		{8C1E3031-33BA-4608-A35B-D13B079040E3}.Debug|x86.Build.0 = Debug|x86
		{8C1E3031-33BA-4608-A35B-D13B079040E3}.Release|Any CPU.ActiveCfg = Release|Any CPU
		{8C1E3031-33BA-4608-A35B-D13B079040E3}.Release|Any CPU.Build.0 = Release|Any CPU
		{8C1E3031-33BA-4608-A35B-D13B079040E3}.Release|x64.ActiveCfg = Release|x64
		{8C1E3031-33BA-4608-A35B-D13B079040E3}.Release|x64.Build.0 = Release|x64
		{8C1E3031-33BA-4608-A35B-D13B079040E3}.Release|x86.ActiveCfg = Release|x86
		{8C1E3031-33BA-4608-A35B-D13B079040E3}.Release|x86.Build.0 = Release|x86
		{837F6DBE-87E0-4454-BCCE-FC18EF452540}.Debug|Any CPU.ActiveCfg = Debug|Any CPU
		{837F6DBE-87E0-4454-BCCE-FC18EF452540}.Debug|Any CPU.Build.0 = Debug|Any CPU
		{837F6DBE-87E0-4454-BCCE-FC18EF452540}.Debug|x64.ActiveCfg = Debug|x64
		{837F6DBE-87E0-4454-BCCE-FC18EF452540}.Debug|x64.Build.0 = Debug|x64
		{837F6DBE-87E0-4454-BCCE-FC18EF452540}.Debug|x86.ActiveCfg = Debug|x86
		{837F6DBE-87E0-4454-BCCE-FC18EF452540}.Debug|x86.Build.0 = Debug|x86
		{837F6DBE-87E0-4454-BCCE-FC18EF452540}.Release|Any CPU.ActiveCfg = Release|Any CPU
		{837F6DBE-87E0-4454-BCCE-FC18EF452540}.Release|Any CPU.Build.0 = Release|Any CPU
		{837F6DBE-87E0-4454-BCCE-FC18EF452540}.Release|x64.ActiveCfg = Release|x64
		{837F6DBE-87E0-4454-BCCE-FC18EF452540}.Release|x64.Build.0 = Release|x64
		{837F6DBE-87E0-4454-BCCE-FC18EF452540}.Release|x86.ActiveCfg = Release|x86
		{837F6DBE-87E0-4454-BCCE-FC18EF452540}.Release|x86.Build.0 = Release|x86
		{75149820-E809-463B-835E-7EE549E61F91}.Debug|Any CPU.ActiveCfg = Debug|Any CPU
		{75149820-E809-463B-835E-7EE549E61F91}.Debug|Any CPU.Build.0 = Debug|Any CPU
		{75149820-E809-463B-835E-7EE549E61F91}.Debug|x64.ActiveCfg = Debug|x64
		{75149820-E809-463B-835E-7EE549E61F91}.Debug|x64.Build.0 = Debug|x64
		{75149820-E809-463B-835E-7EE549E61F91}.Debug|x86.ActiveCfg = Debug|x86
		{75149820-E809-463B-835E-7EE549E61F91}.Debug|x86.Build.0 = Debug|x86
		{75149820-E809-463B-835E-7EE549E61F91}.Release|Any CPU.ActiveCfg = Release|Any CPU
		{75149820-E809-463B-835E-7EE549E61F91}.Release|Any CPU.Build.0 = Release|Any CPU
		{75149820-E809-463B-835E-7EE549E61F91}.Release|x64.ActiveCfg = Release|x64
		{75149820-E809-463B-835E-7EE549E61F91}.Release|x64.Build.0 = Release|x64
		{75149820-E809-463B-835E-7EE549E61F91}.Release|x86.ActiveCfg = Release|x86
		{75149820-E809-463B-835E-7EE549E61F91}.Release|x86.Build.0 = Release|x86
	EndGlobalSection
	GlobalSection(SolutionProperties) = preSolution
		HideSolutionNode = FALSE
	EndGlobalSection
EndGlobal
